
Microsoft Visual Studio Solution File, Format Version 12.00
# Visual Studio Version 17
VisualStudioVersion = 17.7.34221.43
MinimumVisualStudioVersion = 10.0.40219.1
Project("{8BC9CEB8-8B4A-11D0-8D11-00A0C91BC942}") = "SymmetricDDAandSutherLandCohen", "SymmetricDDAandSutherLandCohen.vcxproj", "{FBC2A902-53D0-4011-96A6-337F6F13CEE4}"
EndProject
Project("{8BC9CEB8-8B4A-11D0-8D11-00A0C91BC942}") = "Geometry", "Geometry\Geometry.vcxproj", "{4C49F8CC-B382-4B4D-AC98-19203E04BBE0}"
EndProject
Global
	GlobalSection(SolutionConfigurationPlatforms) = preSolution
		Debug|x64 = Debug|x64
		Debug|x86 = Debug|x86
		Release|x64 = Release|x64
		Release|x86 = Release|x86
	EndGlobalSection
	GlobalSection(ProjectConfigurationPlatforms) = postSolution
		{FBC2A902-53D0-4011-96A6-337F6F13CEE4}.Debug|x64.ActiveCfg = Debug|x64
		{FBC2A902-53D0-4011-96A6-337F6F13CEE4}.Debug|x64.Build.0 = Debug|x64
		{FBC2A902-53D0-4011-96A6-337F6F13CEE4}.Debug|x86.ActiveCfg = Debug|x64
		{FBC2A902-53D0-4011-96A6-337F6F13CEE4}.Debug|x86.Build.0 = Debug|x64
		{FBC2A902-53D0-4011-96A6-337F6F13CEE4}.Release|x64.ActiveCfg = Release|x64
		{FBC2A902-53D0-4011-96A6-337F6F13CEE4}.Release|x64.Build.0 = Release|x64
		{FBC2A902-53D0-4011-96A6-337F6F13CEE4}.Release|x86.ActiveCfg = Release|x64
		{FBC2A902-53D0-4011-96A6-337F6F13CEE4}.Release|x86.Build.0 = Release|x64
		{4C49F8CC-B382-4B4D-AC98-19203E04BBE0}.Debug|x64.ActiveCfg = Debug|x64
		{4C49F8CC-B382-4B4D-AC98-19203E04BBE0}.Debug|x64.Build.0 = Debug|x64
		{4C49F8CC-B382-4B4D-AC98-19203E04BBE0}.Debug|x86.ActiveCfg = Debug|Win32
		{4C49F8CC-B382-4B4D-AC98-19203E04BBE0}.Debug|x86.Build.0 = Debug|Win32
		{4C49F8CC-B382-4B4D-AC98-19203E04BBE0}.Release|x64.ActiveCfg = Release|x64
		{4C49F8CC-B382-4B4D-AC98-19203E04BBE0}.Release|x64.Build.0 = Release|x64
		{4C49F8CC-B382-4B4D-AC98-19203E04BBE0}.Release|x86.ActiveCfg = Release|Win32
		{4C49F8CC-B382-4B4D-AC98-19203E04BBE0}.Release|x86.Build.0 = Release|Win32
	EndGlobalSection
	GlobalSection(SolutionProperties) = preSolution
		HideSolutionNode = FALSE
	EndGlobalSection
	GlobalSection(ExtensibilityGlobals) = postSolution
		SolutionGuid = {10D89E7B-00A6-4998-AF82-D86495B90CCB}
	EndGlobalSection
EndGlobal
